[[package]]
name = "byteorder"
version = "1.2.7"
source = "registry+https://github.com/rust-lang/crates.io-index"

[[package]]
name = "josefine"
version = "0.1.0"
dependencies = [
 "byteorder 1.2.7 (registry+https://github.com/rust-lang/crates.io-index)",
 "memmap 0.7.0 (registry+https://github.com/rust-lang/crates.io-index)",
]

[[package]]
name = "libc"
version = "0.2.44"
source = "registry+https://github.com/rust-lang/crates.io-index"

[[package]]
name = "memmap"
version = "0.7.0"
source = "registry+https://github.com/rust-lang/crates.io-index"
dependencies = [
 "libc 0.2.44 (registry+https://github.com/rust-lang/crates.io-index)",
 "winapi 0.3.6 (registry+https://github.com/rust-lang/crates.io-index)",
]

[[package]]
name = "winapi"
version = "0.3.6"
source = "registry+https://github.com/rust-lang/crates.io-index"
dependencies = [
 "winapi-i686-pc-windows-gnu 0.4.0 (registry+https://github.com/rust-lang/crates.io-index)",
 "winapi-x86_64-pc-windows-gnu 0.4.0 (registry+https://github.com/rust-lang/crates.io-index)",
]

[[package]]
name = "winapi-i686-pc-windows-gnu"
version = "0.4.0"
source = "registry+https://github.com/rust-lang/crates.io-index"

[[package]]
name = "winapi-x86_64-pc-windows-gnu"
version = "0.4.0"
source = "registry+https://github.com/rust-lang/crates.io-index"

[metadata]
"checksum byteorder 1.2.7 (registry+https://github.com/rust-lang/crates.io-index)" = "94f88df23a25417badc922ab0f5716cc1330e87f71ddd9203b3a3ccd9cedf75d"
"checksum libc 0.2.44 (registry+https://github.com/rust-lang/crates.io-index)" = "10923947f84a519a45c8fefb7dd1b3e8c08747993381adee176d7a82b4195311"
"checksum memmap 0.7.0 (registry+https://github.com/rust-lang/crates.io-index)" = "6585fd95e7bb50d6cc31e20d4cf9afb4e2ba16c5846fc76793f11218da9c475b"
"checksum winapi 0.3.6 (registry+https://github.com/rust-lang/crates.io-index)" = "92c1eb33641e276cfa214a0522acad57be5c56b10cb348b3c5117db75f3ac4b0"
"checksum winapi-i686-pc-windows-gnu 0.4.0 (registry+https://github.com/rust-lang/crates.io-index)" = "ac3b87c63620426dd9b991e5ce0329eff545bccbbb34f3be09ff6fb6ab51b7b6"
"checksum winapi-x86_64-pc-windows-gnu 0.4.0 (registry+https://github.com/rust-lang/crates.io-index)" = "712e227841d057c1ee1cd2fb22fa7e5a5461ae8e48fa2ca79ec42cfc1931183f"
